// !$*UTF8*$!
{
	archiveVersion = 1;
	classes = {
	};
	objectVersion = 50;
	objects = {

/* Begin PBXBuildFile section */
		0444B58824ACC87C0093F974 /* AppDelegate.swift in Sources */ = {isa = PBXBuildFile; fileRef = 0444B58724ACC87C0093F974 /* AppDelegate.swift */; };
		0444B58C24ACC87C0093F974 /* ViewController.swift in Sources */ = {isa = PBXBuildFile; fileRef = 0444B58B24ACC87C0093F974 /* ViewController.swift */; };
		0444B58F24ACC87C0093F974 /* Main.storyboard in Resources */ = {isa = PBXBuildFile; fileRef = 0444B58D24ACC87C0093F974 /* Main.storyboard */; };
		0444B59124ACC87E0093F974 /* Assets.xcassets in Resources */ = {isa = PBXBuildFile; fileRef = 0444B59024ACC87E0093F974 /* Assets.xcassets */; };
		0444B59424ACC87E0093F974 /* LaunchScreen.storyboard in Resources */ = {isa = PBXBuildFile; fileRef = 0444B59224ACC87E0093F974 /* LaunchScreen.storyboard */; };
		0444B59F24ACC87E0093F974 /* travelBlogsTests.swift in Sources */ = {isa = PBXBuildFile; fileRef = 0444B59E24ACC87E0093F974 /* travelBlogsTests.swift */; };
		0444B5B024ACD2E70093F974 /* Endpoint.swift in Sources */ = {isa = PBXBuildFile; fileRef = 0444B5AF24ACD2E70093F974 /* Endpoint.swift */; };
		0444B5B224ACD4090093F974 /* APIEndpoint.swift in Sources */ = {isa = PBXBuildFile; fileRef = 0444B5B124ACD4090093F974 /* APIEndpoint.swift */; };
		0444B5B424ACD6480093F974 /* APIEndpointTests.swift in Sources */ = {isa = PBXBuildFile; fileRef = 0444B5B324ACD6480093F974 /* APIEndpointTests.swift */; };
		0444B5B624ACE5120093F974 /* NetworkRequest.swift in Sources */ = {isa = PBXBuildFile; fileRef = 0444B5B524ACE5120093F974 /* NetworkRequest.swift */; };
		0444B5B824ACE9FB0093F974 /* ArticlesService.swift in Sources */ = {isa = PBXBuildFile; fileRef = 0444B5B724ACE9FB0093F974 /* ArticlesService.swift */; };
		0444B5BA24ACEDA90093F974 /* ArticleDataModel.swift in Sources */ = {isa = PBXBuildFile; fileRef = 0444B5B924ACEDA90093F974 /* ArticleDataModel.swift */; };
		044AEB6F24ACF0C000F9FC0F /* ArticlesServiceTests.swift in Sources */ = {isa = PBXBuildFile; fileRef = 044AEB6E24ACF0C000F9FC0F /* ArticlesServiceTests.swift */; };
		044AEB7124ACF15F00F9FC0F /* NetworkError.swift in Sources */ = {isa = PBXBuildFile; fileRef = 044AEB7024ACF15F00F9FC0F /* NetworkError.swift */; };
		044AEB7324ADAF7000F9FC0F /* ArticleDataModelTests.swift in Sources */ = {isa = PBXBuildFile; fileRef = 044AEB7224ADAF7000F9FC0F /* ArticleDataModelTests.swift */; };
/* End PBXBuildFile section */

/* Begin PBXContainerItemProxy section */
		0444B59B24ACC87E0093F974 /* PBXContainerItemProxy */ = {
			isa = PBXContainerItemProxy;
			containerPortal = 0444B57C24ACC87C0093F974 /* Project object */;
			proxyType = 1;
			remoteGlobalIDString = 0444B58324ACC87C0093F974;
			remoteInfo = travelBlogs;
		};
/* End PBXContainerItemProxy section */

/* Begin PBXFileReference section */
		0444B58424ACC87C0093F974 /* travelBlogs.app */ = {isa = PBXFileReference; explicitFileType = wrapper.application; includeInIndex = 0; path = travelBlogs.app; sourceTree = BUILT_PRODUCTS_DIR; };
		0444B58724ACC87C0093F974 /* AppDelegate.swift */ = {isa = PBXFileReference; lastKnownFileType = sourcecode.swift; path = AppDelegate.swift; sourceTree = "<group>"; };
		0444B58B24ACC87C0093F974 /* ViewController.swift */ = {isa = PBXFileReference; lastKnownFileType = sourcecode.swift; path = ViewController.swift; sourceTree = "<group>"; };
		0444B58E24ACC87C0093F974 /* Base */ = {isa = PBXFileReference; lastKnownFileType = file.storyboard; name = Base; path = Base.lproj/Main.storyboard; sourceTree = "<group>"; };
		0444B59024ACC87E0093F974 /* Assets.xcassets */ = {isa = PBXFileReference; lastKnownFileType = folder.assetcatalog; path = Assets.xcassets; sourceTree = "<group>"; };
		0444B59324ACC87E0093F974 /* Base */ = {isa = PBXFileReference; lastKnownFileType = file.storyboard; name = Base; path = Base.lproj/LaunchScreen.storyboard; sourceTree = "<group>"; };
		0444B59524ACC87E0093F974 /* Info.plist */ = {isa = PBXFileReference; lastKnownFileType = text.plist.xml; path = Info.plist; sourceTree = "<group>"; };
		0444B59A24ACC87E0093F974 /* travelBlogsTests.xctest */ = {isa = PBXFileReference; explicitFileType = wrapper.cfbundle; includeInIndex = 0; path = travelBlogsTests.xctest; sourceTree = BUILT_PRODUCTS_DIR; };
		0444B59E24ACC87E0093F974 /* travelBlogsTests.swift */ = {isa = PBXFileReference; lastKnownFileType = sourcecode.swift; path = travelBlogsTests.swift; sourceTree = "<group>"; };
		0444B5A024ACC87E0093F974 /* Info.plist */ = {isa = PBXFileReference; lastKnownFileType = text.plist.xml; path = Info.plist; sourceTree = "<group>"; };
		0444B5AF24ACD2E70093F974 /* Endpoint.swift */ = {isa = PBXFileReference; lastKnownFileType = sourcecode.swift; path = Endpoint.swift; sourceTree = "<group>"; };
		0444B5B124ACD4090093F974 /* APIEndpoint.swift */ = {isa = PBXFileReference; lastKnownFileType = sourcecode.swift; path = APIEndpoint.swift; sourceTree = "<group>"; };
		0444B5B324ACD6480093F974 /* APIEndpointTests.swift */ = {isa = PBXFileReference; lastKnownFileType = sourcecode.swift; path = APIEndpointTests.swift; sourceTree = "<group>"; };
		0444B5B524ACE5120093F974 /* NetworkRequest.swift */ = {isa = PBXFileReference; lastKnownFileType = sourcecode.swift; path = NetworkRequest.swift; sourceTree = "<group>"; };
		0444B5B724ACE9FB0093F974 /* ArticlesService.swift */ = {isa = PBXFileReference; lastKnownFileType = sourcecode.swift; path = ArticlesService.swift; sourceTree = "<group>"; };
		0444B5B924ACEDA90093F974 /* ArticleDataModel.swift */ = {isa = PBXFileReference; lastKnownFileType = sourcecode.swift; path = ArticleDataModel.swift; sourceTree = "<group>"; };
		044AEB6E24ACF0C000F9FC0F /* ArticlesServiceTests.swift */ = {isa = PBXFileReference; lastKnownFileType = sourcecode.swift; path = ArticlesServiceTests.swift; sourceTree = "<group>"; };
		044AEB7024ACF15F00F9FC0F /* NetworkError.swift */ = {isa = PBXFileReference; lastKnownFileType = sourcecode.swift; path = NetworkError.swift; sourceTree = "<group>"; };
		044AEB7224ADAF7000F9FC0F /* ArticleDataModelTests.swift */ = {isa = PBXFileReference; lastKnownFileType = sourcecode.swift; path = ArticleDataModelTests.swift; sourceTree = "<group>"; };
/* End PBXFileReference section */

/* Begin PBXFrameworksBuildPhase section */
		0444B58124ACC87C0093F974 /* Frameworks */ = {
			isa = PBXFrameworksBuildPhase;
			buildActionMask = 2147483647;
			files = (
			);
			runOnlyForDeploymentPostprocessing = 0;
		};
		0444B59724ACC87E0093F974 /* Frameworks */ = {
			isa = PBXFrameworksBuildPhase;
			buildActionMask = 2147483647;
			files = (
			);
			runOnlyForDeploymentPostprocessing = 0;
		};
/* End PBXFrameworksBuildPhase section */

/* Begin PBXGroup section */
		0444B57B24ACC87C0093F974 = {
			isa = PBXGroup;
			children = (
				0444B58624ACC87C0093F974 /* travelBlogs */,
				0444B59D24ACC87E0093F974 /* travelBlogsTests */,
				0444B58524ACC87C0093F974 /* Products */,
			);
			sourceTree = "<group>";
		};
		0444B58524ACC87C0093F974 /* Products */ = {
			isa = PBXGroup;
			children = (
				0444B58424ACC87C0093F974 /* travelBlogs.app */,
				0444B59A24ACC87E0093F974 /* travelBlogsTests.xctest */,
			);
			name = Products;
			sourceTree = "<group>";
		};
		0444B58624ACC87C0093F974 /* travelBlogs */ = {
			isa = PBXGroup;
			children = (
				0444B5A924ACCDFC0093F974 /* AppDelegate */,
				0444B5AB24ACCF120093F974 /* Features */,
				0444B5AD24ACD2B90093F974 /* Network */,
				0444B5AA24ACCE2C0093F974 /* Resourses */,
				0444B5AC24ACCF390093F974 /* Supporting Files */,
			);
			path = travelBlogs;
			sourceTree = "<group>";
		};
		0444B59D24ACC87E0093F974 /* travelBlogsTests */ = {
			isa = PBXGroup;
			children = (
				0444B59E24ACC87E0093F974 /* travelBlogsTests.swift */,
				044AEB7224ADAF7000F9FC0F /* ArticleDataModelTests.swift */,
				0444B5B324ACD6480093F974 /* APIEndpointTests.swift */,
				044AEB6E24ACF0C000F9FC0F /* ArticlesServiceTests.swift */,
				0444B5A024ACC87E0093F974 /* Info.plist */,
			);
			path = travelBlogsTests;
			sourceTree = "<group>";
		};
		0444B5A924ACCDFC0093F974 /* AppDelegate */ = {
			isa = PBXGroup;
			children = (
				0444B58724ACC87C0093F974 /* AppDelegate.swift */,
			);
			path = AppDelegate;
			sourceTree = "<group>";
		};
		0444B5AA24ACCE2C0093F974 /* Resourses */ = {
			isa = PBXGroup;
			children = (
				0444B59024ACC87E0093F974 /* Assets.xcassets */,
			);
			path = Resourses;
			sourceTree = "<group>";
		};
		0444B5AB24ACCF120093F974 /* Features */ = {
			isa = PBXGroup;
			children = (
				0444B5BB24ACEDAD0093F974 /* Articles */,
				0444B58B24ACC87C0093F974 /* ViewController.swift */,
				0444B58D24ACC87C0093F974 /* Main.storyboard */,
				0444B5B724ACE9FB0093F974 /* ArticlesService.swift */,
			);
			path = Features;
			sourceTree = "<group>";
		};
		0444B5AC24ACCF390093F974 /* Supporting Files */ = {
			isa = PBXGroup;
			children = (
				0444B59224ACC87E0093F974 /* LaunchScreen.storyboard */,
				0444B59524ACC87E0093F974 /* Info.plist */,
			);
			path = "Supporting Files";
			sourceTree = "<group>";
		};
		0444B5AD24ACD2B90093F974 /* Network */ = {
			isa = PBXGroup;
			children = (
				0444B5AF24ACD2E70093F974 /* Endpoint.swift */,
				0444B5B124ACD4090093F974 /* APIEndpoint.swift */,
				0444B5B524ACE5120093F974 /* NetworkRequest.swift */,
				044AEB7024ACF15F00F9FC0F /* NetworkError.swift */,
			);
			path = Network;
			sourceTree = "<group>";
		};
		0444B5BB24ACEDAD0093F974 /* Articles */ = {
			isa = PBXGroup;
			children = (
				0444B5BC24ACEDB50093F974 /* Data Model */,
			);
			path = Articles;
			sourceTree = "<group>";
		};
		0444B5BC24ACEDB50093F974 /* Data Model */ = {
			isa = PBXGroup;
			children = (
				0444B5B924ACEDA90093F974 /* ArticleDataModel.swift */,
			);
			path = "Data Model";
			sourceTree = "<group>";
		};
/* End PBXGroup section */

/* Begin PBXNativeTarget section */
		0444B58324ACC87C0093F974 /* travelBlogs */ = {
			isa = PBXNativeTarget;
			buildConfigurationList = 0444B5A324ACC87E0093F974 /* Build configuration list for PBXNativeTarget "travelBlogs" */;
			buildPhases = (
				0444B58024ACC87C0093F974 /* Sources */,
				0444B58124ACC87C0093F974 /* Frameworks */,
				0444B58224ACC87C0093F974 /* Resources */,
			);
			buildRules = (
			);
			dependencies = (
			);
			name = travelBlogs;
			productName = travelBlogs;
			productReference = 0444B58424ACC87C0093F974 /* travelBlogs.app */;
			productType = "com.apple.product-type.application";
		};
		0444B59924ACC87E0093F974 /* travelBlogsTests */ = {
			isa = PBXNativeTarget;
			buildConfigurationList = 0444B5A624ACC87E0093F974 /* Build configuration list for PBXNativeTarget "travelBlogsTests" */;
			buildPhases = (
				0444B59624ACC87E0093F974 /* Sources */,
				0444B59724ACC87E0093F974 /* Frameworks */,
				0444B59824ACC87E0093F974 /* Resources */,
			);
			buildRules = (
			);
			dependencies = (
				0444B59C24ACC87E0093F974 /* PBXTargetDependency */,
			);
			name = travelBlogsTests;
			productName = travelBlogsTests;
			productReference = 0444B59A24ACC87E0093F974 /* travelBlogsTests.xctest */;
			productType = "com.apple.product-type.bundle.unit-test";
		};
/* End PBXNativeTarget section */

/* Begin PBXProject section */
		0444B57C24ACC87C0093F974 /* Project object */ = {
			isa = PBXProject;
			attributes = {
				LastSwiftUpdateCheck = 1130;
				LastUpgradeCheck = 1130;
				ORGANIZATIONNAME = "Ganesh Somani";
				TargetAttributes = {
					0444B58324ACC87C0093F974 = {
						CreatedOnToolsVersion = 11.3;
					};
					0444B59924ACC87E0093F974 = {
						CreatedOnToolsVersion = 11.3;
						TestTargetID = 0444B58324ACC87C0093F974;
					};
				};
			};
			buildConfigurationList = 0444B57F24ACC87C0093F974 /* Build configuration list for PBXProject "travelBlogs" */;
			compatibilityVersion = "Xcode 9.3";
			developmentRegion = en;
			hasScannedForEncodings = 0;
			knownRegions = (
				en,
				Base,
			);
			mainGroup = 0444B57B24ACC87C0093F974;
			productRefGroup = 0444B58524ACC87C0093F974 /* Products */;
			projectDirPath = "";
			projectRoot = "";
			targets = (
				0444B58324ACC87C0093F974 /* travelBlogs */,
				0444B59924ACC87E0093F974 /* travelBlogsTests */,
			);
		};
/* End PBXProject section */

/* Begin PBXResourcesBuildPhase section */
		0444B58224ACC87C0093F974 /* Resources */ = {
			isa = PBXResourcesBuildPhase;
			buildActionMask = 2147483647;
			files = (
				0444B59424ACC87E0093F974 /* LaunchScreen.storyboard in Resources */,
				0444B59124ACC87E0093F974 /* Assets.xcassets in Resources */,
				0444B58F24ACC87C0093F974 /* Main.storyboard in Resources */,
			);
			runOnlyForDeploymentPostprocessing = 0;
		};
		0444B59824ACC87E0093F974 /* Resources */ = {
			isa = PBXResourcesBuildPhase;
			buildActionMask = 2147483647;
			files = (
			);
			runOnlyForDeploymentPostprocessing = 0;
		};
/* End PBXResourcesBuildPhase section */

/* Begin PBXSourcesBuildPhase section */
		0444B58024ACC87C0093F974 /* Sources */ = {
			isa = PBXSourcesBuildPhase;
			buildActionMask = 2147483647;
			files = (
				0444B5B824ACE9FB0093F974 /* ArticlesService.swift in Sources */,
				044AEB7124ACF15F00F9FC0F /* NetworkError.swift in Sources */,
				0444B58C24ACC87C0093F974 /* ViewController.swift in Sources */,
				0444B5B024ACD2E70093F974 /* Endpoint.swift in Sources */,
				0444B58824ACC87C0093F974 /* AppDelegate.swift in Sources */,
				0444B5BA24ACEDA90093F974 /* ArticleDataModel.swift in Sources */,
				0444B5B224ACD4090093F974 /* APIEndpoint.swift in Sources */,
				0444B5B624ACE5120093F974 /* NetworkRequest.swift in Sources */,
			);
			runOnlyForDeploymentPostprocessing = 0;
		};
		0444B59624ACC87E0093F974 /* Sources */ = {
			isa = PBXSourcesBuildPhase;
			buildActionMask = 2147483647;
			files = (
				044AEB7324ADAF7000F9FC0F /* ArticleDataModelTests.swift in Sources */,
				044AEB6F24ACF0C000F9FC0F /* ArticlesServiceTests.swift in Sources */,
				0444B59F24ACC87E0093F974 /* travelBlogsTests.swift in Sources */,
				0444B5B424ACD6480093F974 /* APIEndpointTests.swift in Sources */,
			);
			runOnlyForDeploymentPostprocessing = 0;
		};
/* End PBXSourcesBuildPhase section */

/* Begin PBXTargetDependency section */
		0444B59C24ACC87E0093F974 /* PBXTargetDependency */ = {
			isa = PBXTargetDependency;
			target = 0444B58324ACC87C0093F974 /* travelBlogs */;
			targetProxy = 0444B59B24ACC87E0093F974 /* PBXContainerItemProxy */;
		};
/* End PBXTargetDependency section */

/* Begin PBXVariantGroup section */
		0444B58D24ACC87C0093F974 /* Main.storyboard */ = {
			isa = PBXVariantGroup;
			children = (
				0444B58E24ACC87C0093F974 /* Base */,
			);
			name = Main.storyboard;
			sourceTree = "<group>";
		};
		0444B59224ACC87E0093F974 /* LaunchScreen.storyboard */ = {
			isa = PBXVariantGroup;
			children = (
				0444B59324ACC87E0093F974 /* Base */,
			);
			name = LaunchScreen.storyboard;
			sourceTree = "<group>";
		};
/* End PBXVariantGroup section */

/* Begin XCBuildConfiguration section */
		0444B5A124ACC87E0093F974 /* Debug */ = {
			isa = XCBuildConfiguration;
			buildSettings = {
				ALWAYS_SEARCH_USER_PATHS = NO;
				CLANG_ANALYZER_NONNULL = YES;
				CLANG_ANALYZER_NUMBER_OBJECT_CONVERSION = YES_AGGRESSIVE;
				CLANG_CXX_LANGUAGE_STANDARD = "gnu++14";
				CLANG_CXX_LIBRARY = "libc++";
				CLANG_ENABLE_MODULES = YES;
				CLANG_ENABLE_OBJC_ARC = YES;
				CLANG_ENABLE_OBJC_WEAK = YES;
				CLANG_WARN_BLOCK_CAPTURE_AUTORELEASING = YES;
				CLANG_WARN_BOOL_CONVERSION = YES;
				CLANG_WARN_COMMA = YES;
				CLANG_WARN_CONSTANT_CONVERSION = YES;
				CLANG_WARN_DEPRECATED_OBJC_IMPLEMENTATIONS = YES;
				CLANG_WARN_DIRECT_OBJC_ISA_USAGE = YES_ERROR;
				CLANG_WARN_DOCUMENTATION_COMMENTS = YES;
				CLANG_WARN_EMPTY_BODY = YES;
				CLANG_WARN_ENUM_CONVERSION = YES;
				CLANG_WARN_INFINITE_RECURSION = YES;
				CLANG_WARN_INT_CONVERSION = YES;
				CLANG_WARN_NON_LITERAL_NULL_CONVERSION = YES;
				CLANG_WARN_OBJC_IMPLICIT_RETAIN_SELF = YES;
				CLANG_WARN_OBJC_LITERAL_CONVERSION = YES;
				CLANG_WARN_OBJC_ROOT_CLASS = YES_ERROR;
				CLANG_WARN_RANGE_LOOP_ANALYSIS = YES;
				CLANG_WARN_STRICT_PROTOTYPES = YES;
				CLANG_WARN_SUSPICIOUS_MOVE = YES;
				CLANG_WARN_UNGUARDED_AVAILABILITY = YES_AGGRESSIVE;
				CLANG_WARN_UNREACHABLE_CODE = YES;
				CLANG_WARN__DUPLICATE_METHOD_MATCH = YES;
				COPY_PHASE_STRIP = NO;
				DEBUG_INFORMATION_FORMAT = dwarf;
				ENABLE_STRICT_OBJC_MSGSEND = YES;
				ENABLE_TESTABILITY = YES;
				GCC_C_LANGUAGE_STANDARD = gnu11;
				GCC_DYNAMIC_NO_PIC = NO;
				GCC_NO_COMMON_BLOCKS = YES;
				GCC_OPTIMIZATION_LEVEL = 0;
				GCC_PREPROCESSOR_DEFINITIONS = (
					"DEBUG=1",
					"$(inherited)",
				);
				GCC_WARN_64_TO_32_BIT_CONVERSION = YES;
				GCC_WARN_ABOUT_RETURN_TYPE = YES_ERROR;
				GCC_WARN_UNDECLARED_SELECTOR = YES;
				GCC_WARN_UNINITIALIZED_AUTOS = YES_AGGRESSIVE;
				GCC_WARN_UNUSED_FUNCTION = YES;
				GCC_WARN_UNUSED_VARIABLE = YES;
				IPHONEOS_DEPLOYMENT_TARGET = 13.2;
				MTL_ENABLE_DEBUG_INFO = INCLUDE_SOURCE;
				MTL_FAST_MATH = YES;
				ONLY_ACTIVE_ARCH = YES;
				SDKROOT = iphoneos;
				SWIFT_ACTIVE_COMPILATION_CONDITIONS = DEBUG;
				SWIFT_OPTIMIZATION_LEVEL = "-Onone";
			};
			name = Debug;
		};
		0444B5A224ACC87E0093F974 /* Release */ = {
			isa = XCBuildConfiguration;
			buildSettings = {
				ALWAYS_SEARCH_USER_PATHS = NO;
				CLANG_ANALYZER_NONNULL = YES;
				CLANG_ANALYZER_NUMBER_OBJECT_CONVERSION = YES_AGGRESSIVE;
				CLANG_CXX_LANGUAGE_STANDARD = "gnu++14";
				CLANG_CXX_LIBRARY = "libc++";
				CLANG_ENABLE_MODULES = YES;
				CLANG_ENABLE_OBJC_ARC = YES;
				CLANG_ENABLE_OBJC_WEAK = YES;
				CLANG_WARN_BLOCK_CAPTURE_AUTORELEASING = YES;
				CLANG_WARN_BOOL_CONVERSION = YES;
				CLANG_WARN_COMMA = YES;
				CLANG_WARN_CONSTANT_CONVERSION = YES;
				CLANG_WARN_DEPRECATED_OBJC_IMPLEMENTATIONS = YES;
				CLANG_WARN_DIRECT_OBJC_ISA_USAGE = YES_ERROR;
				CLANG_WARN_DOCUMENTATION_COMMENTS = YES;
				CLANG_WARN_EMPTY_BODY = YES;
				CLANG_WARN_ENUM_CONVERSION = YES;
				CLANG_WARN_INFINITE_RECURSION = YES;
				CLANG_WARN_INT_CONVERSION = YES;
				CLANG_WARN_NON_LITERAL_NULL_CONVERSION = YES;
				CLANG_WARN_OBJC_IMPLICIT_RETAIN_SELF = YES;
				CLANG_WARN_OBJC_LITERAL_CONVERSION = YES;
				CLANG_WARN_OBJC_ROOT_CLASS = YES_ERROR;
				CLANG_WARN_RANGE_LOOP_ANALYSIS = YES;
				CLANG_WARN_STRICT_PROTOTYPES = YES;
				CLANG_WARN_SUSPICIOUS_MOVE = YES;
				CLANG_WARN_UNGUARDED_AVAILABILITY = YES_AGGRESSIVE;
				CLANG_WARN_UNREACHABLE_CODE = YES;
				CLANG_WARN__DUPLICATE_METHOD_MATCH = YES;
				COPY_PHASE_STRIP = NO;
				DEBUG_INFORMATION_FORMAT = "dwarf-with-dsym";
				ENABLE_NS_ASSERTIONS = NO;
				ENABLE_STRICT_OBJC_MSGSEND = YES;
				GCC_C_LANGUAGE_STANDARD = gnu11;
				GCC_NO_COMMON_BLOCKS = YES;
				GCC_WARN_64_TO_32_BIT_CONVERSION = YES;
				GCC_WARN_ABOUT_RETURN_TYPE = YES_ERROR;
				GCC_WARN_UNDECLARED_SELECTOR = YES;
				GCC_WARN_UNINITIALIZED_AUTOS = YES_AGGRESSIVE;
				GCC_WARN_UNUSED_FUNCTION = YES;
				GCC_WARN_UNUSED_VARIABLE = YES;
				IPHONEOS_DEPLOYMENT_TARGET = 13.2;
				MTL_ENABLE_DEBUG_INFO = NO;
				MTL_FAST_MATH = YES;
				SDKROOT = iphoneos;
				SWIFT_COMPILATION_MODE = wholemodule;
				SWIFT_OPTIMIZATION_LEVEL = "-O";
				VALIDATE_PRODUCT = YES;
			};
			name = Release;
		};
		0444B5A424ACC87E0093F974 /* Debug */ = {
			isa = XCBuildConfiguration;
			buildSettings = {
				ASSETCATALOG_COMPILER_APPICON_NAME = AppIcon;
				CODE_SIGN_STYLE = Automatic;
				INFOPLIST_FILE = "$(SRCROOT)/travelBlogs/Supporting Files/Info.plist";
				IPHONEOS_DEPLOYMENT_TARGET = 11.0;
				LD_RUNPATH_SEARCH_PATHS = (
					"$(inherited)",
					"@executable_path/Frameworks",
				);
				PRODUCT_BUNDLE_IDENTIFIER = com..travelBlogs;
				PRODUCT_NAME = "$(TARGET_NAME)";
				SWIFT_VERSION = 5.0;
				TARGETED_DEVICE_FAMILY = "1,2";
			};
			name = Debug;
		};
		0444B5A524ACC87E0093F974 /* Release */ = {
			isa = XCBuildConfiguration;
			buildSettings = {
				ASSETCATALOG_COMPILER_APPICON_NAME = AppIcon;
				CODE_SIGN_STYLE = Automatic;
				INFOPLIST_FILE = "$(SRCROOT)/travelBlogs/Supporting Files/Info.plist";
				IPHONEOS_DEPLOYMENT_TARGET = 11.0;
				LD_RUNPATH_SEARCH_PATHS = (
					"$(inherited)",
					"@executable_path/Frameworks",
				);
				PRODUCT_BUNDLE_IDENTIFIER = com..travelBlogs;
				PRODUCT_NAME = "$(TARGET_NAME)";
				SWIFT_VERSION = 5.0;
				TARGETED_DEVICE_FAMILY = "1,2";
			};
			name = Release;
		};
		0444B5A724ACC87E0093F974 /* Debug */ = {
			isa = XCBuildConfiguration;
			buildSettings = {
				ALWAYS_EMBED_SWIFT_STANDARD_LIBRARIES = YES;
				BUNDLE_LOADER = "$(TEST_HOST)";
				CODE_SIGN_STYLE = Automatic;
				INFOPLIST_FILE = travelBlogsTests/Info.plist;
				IPHONEOS_DEPLOYMENT_TARGET = 13.2;
				LD_RUNPATH_SEARCH_PATHS = (
					"$(inherited)",
					"@executable_path/Frameworks",
					"@loader_path/Frameworks",
				);
				PRODUCT_BUNDLE_IDENTIFIER = com..travelBlogsTests;
				PRODUCT_NAME = "$(TARGET_NAME)";
				SWIFT_VERSION = 5.0;
				TARGETED_DEVICE_FAMILY = "1,2";
				TEST_HOST = "$(BUILT_PRODUCTS_DIR)/travelBlogs.app/travelBlogs";
			};
			name = Debug;
		};
		0444B5A824ACC87E0093F974 /* Release */ = {
			isa = XCBuildConfiguration;
			buildSettings = {
				ALWAYS_EMBED_SWIFT_STANDARD_LIBRARIES = YES;
				BUNDLE_LOADER = "$(TEST_HOST)";
				CODE_SIGN_STYLE = Automatic;
				INFOPLIST_FILE = travelBlogsTests/Info.plist;
				IPHONEOS_DEPLOYMENT_TARGET = 13.2;
				LD_RUNPATH_SEARCH_PATHS = (
					"$(inherited)",
					"@executable_path/Frameworks",
					"@loader_path/Frameworks",
				);
				PRODUCT_BUNDLE_IDENTIFIER = com..travelBlogsTests;
				PRODUCT_NAME = "$(TARGET_NAME)";
				SWIFT_VERSION = 5.0;
				TARGETED_DEVICE_FAMILY = "1,2";
				TEST_HOST = "$(BUILT_PRODUCTS_DIR)/travelBlogs.app/travelBlogs";
			};
			name = Release;
		};
/* End XCBuildConfiguration section */

/* Begin XCConfigurationList section */
		0444B57F24ACC87C0093F974 /* Build configuration list for PBXProject "travelBlogs" */ = {
			isa = XCConfigurationList;
			buildConfigurations = (
				0444B5A124ACC87E0093F974 /* Debug */,
				0444B5A224ACC87E0093F974 /* Release */,
			);
			defaultConfigurationIsVisible = 0;
			defaultConfigurationName = Release;
		};
		0444B5A324ACC87E0093F974 /* Build configuration list for PBXNativeTarget "travelBlogs" */ = {
			isa = XCConfigurationList;
			buildConfigurations = (
				0444B5A424ACC87E0093F974 /* Debug */,
				0444B5A524ACC87E0093F974 /* Release */,
			);
			defaultConfigurationIsVisible = 0;
			defaultConfigurationName = Release;
		};
		0444B5A624ACC87E0093F974 /* Build configuration list for PBXNativeTarget "travelBlogsTests" */ = {
			isa = XCConfigurationList;
			buildConfigurations = (
				0444B5A724ACC87E0093F974 /* Debug */,
				0444B5A824ACC87E0093F974 /* Release */,
			);
			defaultConfigurationIsVisible = 0;
			defaultConfigurationName = Release;
		};
/* End XCConfigurationList section */
	};
	rootObject = 0444B57C24ACC87C0093F974 /* Project object */;
}
