// !$*UTF8*$!
{
	archiveVersion = 1;
	classes = {
	};
	objectVersion = 51;
	objects = {

/* Begin PBXBuildFile section */
		0423318824AE3D6800E711E5 /* ArticleViewModelTests.swift in Sources */ = {isa = PBXBuildFile; fileRef = 0423318724AE3D6800E711E5 /* ArticleViewModelTests.swift */; };
		0423318C24AFAECF00E711E5 /* UsersViewController.swift in Sources */ = {isa = PBXBuildFile; fileRef = 0423318B24AFAECF00E711E5 /* UsersViewController.swift */; };
		042331B524AFC16000E711E5 /* StoreManager.swift in Sources */ = {isa = PBXBuildFile; fileRef = 042331B424AFC16000E711E5 /* StoreManager.swift */; };
		042331B724AFC24900E711E5 /* ArticleDbManager.swift in Sources */ = {isa = PBXBuildFile; fileRef = 042331B624AFC24900E711E5 /* ArticleDbManager.swift */; };
		042331DC24B03AE700E711E5 /* travelBlogs.xcdatamodeld in Sources */ = {isa = PBXBuildFile; fileRef = 042331DA24B03AE700E711E5 /* travelBlogs.xcdatamodeld */; };
		0423320924B0401500E711E5 /* DBMedia+CoreDataProperties.swift in Sources */ = {isa = PBXBuildFile; fileRef = 0423320324B0401400E711E5 /* DBMedia+CoreDataProperties.swift */; };
		0423320A24B0401500E711E5 /* DBUser+CoreDataClass.swift in Sources */ = {isa = PBXBuildFile; fileRef = 0423320424B0401400E711E5 /* DBUser+CoreDataClass.swift */; };
		0423320B24B0401500E711E5 /* DBUser+CoreDataProperties.swift in Sources */ = {isa = PBXBuildFile; fileRef = 0423320524B0401400E711E5 /* DBUser+CoreDataProperties.swift */; };
		0423320C24B0401500E711E5 /* DBArticle+CoreDataProperties.swift in Sources */ = {isa = PBXBuildFile; fileRef = 0423320624B0401400E711E5 /* DBArticle+CoreDataProperties.swift */; };
		0423320D24B0401500E711E5 /* DBArticle+CoreDataClass.swift in Sources */ = {isa = PBXBuildFile; fileRef = 0423320724B0401400E711E5 /* DBArticle+CoreDataClass.swift */; };
		0423320E24B0401500E711E5 /* DBMedia+CoreDataClass.swift in Sources */ = {isa = PBXBuildFile; fileRef = 0423320824B0401400E711E5 /* DBMedia+CoreDataClass.swift */; };
		0444B58824ACC87C0093F974 /* AppDelegate.swift in Sources */ = {isa = PBXBuildFile; fileRef = 0444B58724ACC87C0093F974 /* AppDelegate.swift */; };
		0444B58C24ACC87C0093F974 /* ArticleViewController.swift in Sources */ = {isa = PBXBuildFile; fileRef = 0444B58B24ACC87C0093F974 /* ArticleViewController.swift */; };
		0444B58F24ACC87C0093F974 /* Main.storyboard in Resources */ = {isa = PBXBuildFile; fileRef = 0444B58D24ACC87C0093F974 /* Main.storyboard */; };
		0444B59124ACC87E0093F974 /* Assets.xcassets in Resources */ = {isa = PBXBuildFile; fileRef = 0444B59024ACC87E0093F974 /* Assets.xcassets */; };
		0444B59424ACC87E0093F974 /* LaunchScreen.storyboard in Resources */ = {isa = PBXBuildFile; fileRef = 0444B59224ACC87E0093F974 /* LaunchScreen.storyboard */; };
		0444B5B024ACD2E70093F974 /* Endpoint.swift in Sources */ = {isa = PBXBuildFile; fileRef = 0444B5AF24ACD2E70093F974 /* Endpoint.swift */; };
		0444B5B224ACD4090093F974 /* APIEndpoint.swift in Sources */ = {isa = PBXBuildFile; fileRef = 0444B5B124ACD4090093F974 /* APIEndpoint.swift */; };
		0444B5B424ACD6480093F974 /* APIEndpointTests.swift in Sources */ = {isa = PBXBuildFile; fileRef = 0444B5B324ACD6480093F974 /* APIEndpointTests.swift */; };
		0444B5B624ACE5120093F974 /* NetworkRequest.swift in Sources */ = {isa = PBXBuildFile; fileRef = 0444B5B524ACE5120093F974 /* NetworkRequest.swift */; };
		0444B5B824ACE9FB0093F974 /* ArticlesService.swift in Sources */ = {isa = PBXBuildFile; fileRef = 0444B5B724ACE9FB0093F974 /* ArticlesService.swift */; };
		0444B5BA24ACEDA90093F974 /* ArticleDataModel.swift in Sources */ = {isa = PBXBuildFile; fileRef = 0444B5B924ACEDA90093F974 /* ArticleDataModel.swift */; };
		044AEB6F24ACF0C000F9FC0F /* ArticlesServiceTests.swift in Sources */ = {isa = PBXBuildFile; fileRef = 044AEB6E24ACF0C000F9FC0F /* ArticlesServiceTests.swift */; };
		044AEB7124ACF15F00F9FC0F /* NetworkError.swift in Sources */ = {isa = PBXBuildFile; fileRef = 044AEB7024ACF15F00F9FC0F /* NetworkError.swift */; };
		044AEB7324ADAF7000F9FC0F /* ArticleDataModelTests.swift in Sources */ = {isa = PBXBuildFile; fileRef = 044AEB7224ADAF7000F9FC0F /* ArticleDataModelTests.swift */; };
		044AEB7524ADB41500F9FC0F /* articles.json in Resources */ = {isa = PBXBuildFile; fileRef = 044AEB7424ADB41500F9FC0F /* articles.json */; };
		04632FB924ADF13C009C9AA8 /* ArticleTableViewCell.swift in Sources */ = {isa = PBXBuildFile; fileRef = 04632FB824ADF13C009C9AA8 /* ArticleTableViewCell.swift */; };
		04632FBC24ADF4CC009C9AA8 /* ArticleViewModel.swift in Sources */ = {isa = PBXBuildFile; fileRef = 04632FBB24ADF4CC009C9AA8 /* ArticleViewModel.swift */; };
		04632FBF24ADFE01009C9AA8 /* Date+Extensions.swift in Sources */ = {isa = PBXBuildFile; fileRef = 04632FBE24ADFE01009C9AA8 /* Date+Extensions.swift */; };
		04632FC124AE0593009C9AA8 /* ImageFetcher.swift in Sources */ = {isa = PBXBuildFile; fileRef = 04632FC024AE0593009C9AA8 /* ImageFetcher.swift */; };
		04C8BB2D24B081770088A157 /* UsersService.swift in Sources */ = {isa = PBXBuildFile; fileRef = 04C8BB2C24B081770088A157 /* UsersService.swift */; };
		04C8BB3124B081B70088A157 /* UserDataModel.swift in Sources */ = {isa = PBXBuildFile; fileRef = 04C8BB3024B081B70088A157 /* UserDataModel.swift */; };
		04C8BB3324B082310088A157 /* UsersServiceTests.swift in Sources */ = {isa = PBXBuildFile; fileRef = 04C8BB3224B082310088A157 /* UsersServiceTests.swift */; };
		04C8BB3524B08BE80088A157 /* usersList.json in Resources */ = {isa = PBXBuildFile; fileRef = 04C8BB3424B08BE80088A157 /* usersList.json */; };
		04C8BB3724B098470088A157 /* UsersTableViewCell.swift in Sources */ = {isa = PBXBuildFile; fileRef = 04C8BB3624B098470088A157 /* UsersTableViewCell.swift */; };
		04C8BB3A24B09B390088A157 /* UserViewModel.swift in Sources */ = {isa = PBXBuildFile; fileRef = 04C8BB3924B09B390088A157 /* UserViewModel.swift */; };
		6FC76468E1EF32CFBAE617CB /* Pods_travelBlogsTests.framework in Frameworks */ = {isa = PBXBuildFile; fileRef = B608984229CA136C37F17069 /* Pods_travelBlogsTests.framework */; };
		CED00FB33C445BF589CA95C8 /* Pods_travelBlogs.framework in Frameworks */ = {isa = PBXBuildFile; fileRef = E92ECA83B04F51835B9867E4 /* Pods_travelBlogs.framework */; };
/* End PBXBuildFile section */

/* Begin PBXContainerItemProxy section */
		0444B59B24ACC87E0093F974 /* PBXContainerItemProxy */ = {
			isa = PBXContainerItemProxy;
			containerPortal = 0444B57C24ACC87C0093F974 /* Project object */;
			proxyType = 1;
			remoteGlobalIDString = 0444B58324ACC87C0093F974;
			remoteInfo = travelBlogs;
		};
/* End PBXContainerItemProxy section */

/* Begin PBXFileReference section */
		00F665A649E7BADF444F5F29 /* Pods-travelBlogsTests.debug.xcconfig */ = {isa = PBXFileReference; includeInIndex = 1; lastKnownFileType = text.xcconfig; name = "Pods-travelBlogsTests.debug.xcconfig"; path = "Target Support Files/Pods-travelBlogsTests/Pods-travelBlogsTests.debug.xcconfig"; sourceTree = "<group>"; };
		0423318724AE3D6800E711E5 /* ArticleViewModelTests.swift */ = {isa = PBXFileReference; lastKnownFileType = sourcecode.swift; path = ArticleViewModelTests.swift; sourceTree = "<group>"; };
		0423318B24AFAECF00E711E5 /* UsersViewController.swift */ = {isa = PBXFileReference; lastKnownFileType = sourcecode.swift; path = UsersViewController.swift; sourceTree = "<group>"; };
		042331B424AFC16000E711E5 /* StoreManager.swift */ = {isa = PBXFileReference; lastKnownFileType = sourcecode.swift; path = StoreManager.swift; sourceTree = "<group>"; };
		042331B624AFC24900E711E5 /* ArticleDbManager.swift */ = {isa = PBXFileReference; lastKnownFileType = sourcecode.swift; path = ArticleDbManager.swift; sourceTree = "<group>"; };
		042331DB24B03AE700E711E5 /* Model.xcdatamodel */ = {isa = PBXFileReference; lastKnownFileType = wrapper.xcdatamodel; path = Model.xcdatamodel; sourceTree = "<group>"; };
		0423320324B0401400E711E5 /* DBMedia+CoreDataProperties.swift */ = {isa = PBXFileReference; fileEncoding = 4; lastKnownFileType = sourcecode.swift; path = "DBMedia+CoreDataProperties.swift"; sourceTree = "<group>"; };
		0423320424B0401400E711E5 /* DBUser+CoreDataClass.swift */ = {isa = PBXFileReference; fileEncoding = 4; lastKnownFileType = sourcecode.swift; path = "DBUser+CoreDataClass.swift"; sourceTree = "<group>"; };
		0423320524B0401400E711E5 /* DBUser+CoreDataProperties.swift */ = {isa = PBXFileReference; fileEncoding = 4; lastKnownFileType = sourcecode.swift; path = "DBUser+CoreDataProperties.swift"; sourceTree = "<group>"; };
		0423320624B0401400E711E5 /* DBArticle+CoreDataProperties.swift */ = {isa = PBXFileReference; fileEncoding = 4; lastKnownFileType = sourcecode.swift; path = "DBArticle+CoreDataProperties.swift"; sourceTree = "<group>"; };
		0423320724B0401400E711E5 /* DBArticle+CoreDataClass.swift */ = {isa = PBXFileReference; fileEncoding = 4; lastKnownFileType = sourcecode.swift; path = "DBArticle+CoreDataClass.swift"; sourceTree = "<group>"; };
		0423320824B0401400E711E5 /* DBMedia+CoreDataClass.swift */ = {isa = PBXFileReference; fileEncoding = 4; lastKnownFileType = sourcecode.swift; path = "DBMedia+CoreDataClass.swift"; sourceTree = "<group>"; };
		0444B58424ACC87C0093F974 /* travelBlogs.app */ = {isa = PBXFileReference; explicitFileType = wrapper.application; includeInIndex = 0; path = travelBlogs.app; sourceTree = BUILT_PRODUCTS_DIR; };
		0444B58724ACC87C0093F974 /* AppDelegate.swift */ = {isa = PBXFileReference; lastKnownFileType = sourcecode.swift; path = AppDelegate.swift; sourceTree = "<group>"; };
		0444B58B24ACC87C0093F974 /* ArticleViewController.swift */ = {isa = PBXFileReference; lastKnownFileType = sourcecode.swift; path = ArticleViewController.swift; sourceTree = "<group>"; };
		0444B58E24ACC87C0093F974 /* Base */ = {isa = PBXFileReference; lastKnownFileType = file.storyboard; name = Base; path = Base.lproj/Main.storyboard; sourceTree = "<group>"; };
		0444B59024ACC87E0093F974 /* Assets.xcassets */ = {isa = PBXFileReference; lastKnownFileType = folder.assetcatalog; path = Assets.xcassets; sourceTree = "<group>"; };
		0444B59324ACC87E0093F974 /* Base */ = {isa = PBXFileReference; lastKnownFileType = file.storyboard; name = Base; path = Base.lproj/LaunchScreen.storyboard; sourceTree = "<group>"; };
		0444B59524ACC87E0093F974 /* Info.plist */ = {isa = PBXFileReference; lastKnownFileType = text.plist.xml; path = Info.plist; sourceTree = "<group>"; };
		0444B59A24ACC87E0093F974 /* travelBlogsTests.xctest */ = {isa = PBXFileReference; explicitFileType = wrapper.cfbundle; includeInIndex = 0; path = travelBlogsTests.xctest; sourceTree = BUILT_PRODUCTS_DIR; };
		0444B5A024ACC87E0093F974 /* Info.plist */ = {isa = PBXFileReference; lastKnownFileType = text.plist.xml; path = Info.plist; sourceTree = "<group>"; };
		0444B5AF24ACD2E70093F974 /* Endpoint.swift */ = {isa = PBXFileReference; lastKnownFileType = sourcecode.swift; path = Endpoint.swift; sourceTree = "<group>"; };
		0444B5B124ACD4090093F974 /* APIEndpoint.swift */ = {isa = PBXFileReference; lastKnownFileType = sourcecode.swift; path = APIEndpoint.swift; sourceTree = "<group>"; };
		0444B5B324ACD6480093F974 /* APIEndpointTests.swift */ = {isa = PBXFileReference; lastKnownFileType = sourcecode.swift; path = APIEndpointTests.swift; sourceTree = "<group>"; };
		0444B5B524ACE5120093F974 /* NetworkRequest.swift */ = {isa = PBXFileReference; lastKnownFileType = sourcecode.swift; path = NetworkRequest.swift; sourceTree = "<group>"; };
		0444B5B724ACE9FB0093F974 /* ArticlesService.swift */ = {isa = PBXFileReference; lastKnownFileType = sourcecode.swift; path = ArticlesService.swift; sourceTree = "<group>"; };
		0444B5B924ACEDA90093F974 /* ArticleDataModel.swift */ = {isa = PBXFileReference; lastKnownFileType = sourcecode.swift; path = ArticleDataModel.swift; sourceTree = "<group>"; };
		044AEB6E24ACF0C000F9FC0F /* ArticlesServiceTests.swift */ = {isa = PBXFileReference; lastKnownFileType = sourcecode.swift; path = ArticlesServiceTests.swift; sourceTree = "<group>"; };
		044AEB7024ACF15F00F9FC0F /* NetworkError.swift */ = {isa = PBXFileReference; lastKnownFileType = sourcecode.swift; path = NetworkError.swift; sourceTree = "<group>"; };
		044AEB7224ADAF7000F9FC0F /* ArticleDataModelTests.swift */ = {isa = PBXFileReference; lastKnownFileType = sourcecode.swift; path = ArticleDataModelTests.swift; sourceTree = "<group>"; };
		044AEB7424ADB41500F9FC0F /* articles.json */ = {isa = PBXFileReference; fileEncoding = 4; lastKnownFileType = text.json; path = articles.json; sourceTree = "<group>"; };
		04632FB824ADF13C009C9AA8 /* ArticleTableViewCell.swift */ = {isa = PBXFileReference; lastKnownFileType = sourcecode.swift; path = ArticleTableViewCell.swift; sourceTree = "<group>"; };
		04632FBB24ADF4CC009C9AA8 /* ArticleViewModel.swift */ = {isa = PBXFileReference; lastKnownFileType = sourcecode.swift; path = ArticleViewModel.swift; sourceTree = "<group>"; };
		04632FBE24ADFE01009C9AA8 /* Date+Extensions.swift */ = {isa = PBXFileReference; lastKnownFileType = sourcecode.swift; path = "Date+Extensions.swift"; sourceTree = "<group>"; };
		04632FC024AE0593009C9AA8 /* ImageFetcher.swift */ = {isa = PBXFileReference; lastKnownFileType = sourcecode.swift; path = ImageFetcher.swift; sourceTree = "<group>"; };
		04C8BB2C24B081770088A157 /* UsersService.swift */ = {isa = PBXFileReference; lastKnownFileType = sourcecode.swift; path = UsersService.swift; sourceTree = "<group>"; };
		04C8BB3024B081B70088A157 /* UserDataModel.swift */ = {isa = PBXFileReference; lastKnownFileType = sourcecode.swift; path = UserDataModel.swift; sourceTree = "<group>"; };
		04C8BB3224B082310088A157 /* UsersServiceTests.swift */ = {isa = PBXFileReference; lastKnownFileType = sourcecode.swift; path = UsersServiceTests.swift; sourceTree = "<group>"; };
		04C8BB3424B08BE80088A157 /* usersList.json */ = {isa = PBXFileReference; fileEncoding = 4; lastKnownFileType = text.json; path = usersList.json; sourceTree = "<group>"; };
		04C8BB3624B098470088A157 /* UsersTableViewCell.swift */ = {isa = PBXFileReference; lastKnownFileType = sourcecode.swift; path = UsersTableViewCell.swift; sourceTree = "<group>"; };
		04C8BB3924B09B390088A157 /* UserViewModel.swift */ = {isa = PBXFileReference; lastKnownFileType = sourcecode.swift; path = UserViewModel.swift; sourceTree = "<group>"; };
		269118588EAD5764D48E5AB8 /* Pods-travelBlogs.debug.xcconfig */ = {isa = PBXFileReference; includeInIndex = 1; lastKnownFileType = text.xcconfig; name = "Pods-travelBlogs.debug.xcconfig"; path = "Target Support Files/Pods-travelBlogs/Pods-travelBlogs.debug.xcconfig"; sourceTree = "<group>"; };
		5FDDF26E1BF3716827302467 /* Pods-travelBlogsTests.release.xcconfig */ = {isa = PBXFileReference; includeInIndex = 1; lastKnownFileType = text.xcconfig; name = "Pods-travelBlogsTests.release.xcconfig"; path = "Target Support Files/Pods-travelBlogsTests/Pods-travelBlogsTests.release.xcconfig"; sourceTree = "<group>"; };
		B608984229CA136C37F17069 /* Pods_travelBlogsTests.framework */ = {isa = PBXFileReference; explicitFileType = wrapper.framework; includeInIndex = 0; path = Pods_travelBlogsTests.framework; sourceTree = BUILT_PRODUCTS_DIR; };
		E92ECA83B04F51835B9867E4 /* Pods_travelBlogs.framework */ = {isa = PBXFileReference; explicitFileType = wrapper.framework; includeInIndex = 0; path = Pods_travelBlogs.framework; sourceTree = BUILT_PRODUCTS_DIR; };
		F52C97C003A21EE6846CCDC8 /* Pods-travelBlogs.release.xcconfig */ = {isa = PBXFileReference; includeInIndex = 1; lastKnownFileType = text.xcconfig; name = "Pods-travelBlogs.release.xcconfig"; path = "Target Support Files/Pods-travelBlogs/Pods-travelBlogs.release.xcconfig"; sourceTree = "<group>"; };
/* End PBXFileReference section */

/* Begin PBXFrameworksBuildPhase section */
		0444B58124ACC87C0093F974 /* Frameworks */ = {
			isa = PBXFrameworksBuildPhase;
			buildActionMask = 2147483647;
			files = (
				CED00FB33C445BF589CA95C8 /* Pods_travelBlogs.framework in Frameworks */,
			);
			runOnlyForDeploymentPostprocessing = 0;
		};
		0444B59724ACC87E0093F974 /* Frameworks */ = {
			isa = PBXFrameworksBuildPhase;
			buildActionMask = 2147483647;
			files = (
				6FC76468E1EF32CFBAE617CB /* Pods_travelBlogsTests.framework in Frameworks */,
			);
			runOnlyForDeploymentPostprocessing = 0;
		};
/* End PBXFrameworksBuildPhase section */

/* Begin PBXGroup section */
		0423318524AE3D1F00E711E5 /* View */ = {
			isa = PBXGroup;
			children = (
				04632FB824ADF13C009C9AA8 /* ArticleTableViewCell.swift */,
				0444B58B24ACC87C0093F974 /* ArticleViewController.swift */,
			);
			path = View;
			sourceTree = "<group>";
		};
		0423318624AE3D3300E711E5 /* Service */ = {
			isa = PBXGroup;
			children = (
				0444B5B724ACE9FB0093F974 /* ArticlesService.swift */,
			);
			path = Service;
			sourceTree = "<group>";
		};
		0423318924AFAEAC00E711E5 /* Users */ = {
			isa = PBXGroup;
			children = (
				04C8BB3824B09B0E0088A157 /* View Model */,
				04C8BB2F24B081AC0088A157 /* Data Model */,
				04C8BB2E24B081A00088A157 /* Service */,
				0423318A24AFAEB600E711E5 /* View */,
			);
			path = Users;
			sourceTree = "<group>";
		};
		0423318A24AFAEB600E711E5 /* View */ = {
			isa = PBXGroup;
			children = (
				0423318B24AFAECF00E711E5 /* UsersViewController.swift */,
				04C8BB3624B098470088A157 /* UsersTableViewCell.swift */,
			);
			path = View;
			sourceTree = "<group>";
		};
		042331B024AFB32300E711E5 /* Core Data */ = {
			isa = PBXGroup;
			children = (
				042331EA24B03D6600E711E5 /* Data Models */,
				042331B424AFC16000E711E5 /* StoreManager.swift */,
				042331B624AFC24900E711E5 /* ArticleDbManager.swift */,
				042331DA24B03AE700E711E5 /* travelBlogs.xcdatamodeld */,
			);
			path = "Core Data";
			sourceTree = "<group>";
		};
		042331EA24B03D6600E711E5 /* Data Models */ = {
			isa = PBXGroup;
			children = (
				0423320724B0401400E711E5 /* DBArticle+CoreDataClass.swift */,
				0423320624B0401400E711E5 /* DBArticle+CoreDataProperties.swift */,
				0423320824B0401400E711E5 /* DBMedia+CoreDataClass.swift */,
				0423320324B0401400E711E5 /* DBMedia+CoreDataProperties.swift */,
				0423320424B0401400E711E5 /* DBUser+CoreDataClass.swift */,
				0423320524B0401400E711E5 /* DBUser+CoreDataProperties.swift */,
			);
			path = "Data Models";
			sourceTree = "<group>";
		};
		0444B57B24ACC87C0093F974 = {
			isa = PBXGroup;
			children = (
				0444B58624ACC87C0093F974 /* travelBlogs */,
				0444B59D24ACC87E0093F974 /* travelBlogsTests */,
				0444B58524ACC87C0093F974 /* Products */,
				832C51C143D426EA1117758A /* Pods */,
				6CA7C2A3C92BEE7E50A606E5 /* Frameworks */,
			);
			sourceTree = "<group>";
		};
		0444B58524ACC87C0093F974 /* Products */ = {
			isa = PBXGroup;
			children = (
				0444B58424ACC87C0093F974 /* travelBlogs.app */,
				0444B59A24ACC87E0093F974 /* travelBlogsTests.xctest */,
			);
			name = Products;
			sourceTree = "<group>";
		};
		0444B58624ACC87C0093F974 /* travelBlogs */ = {
			isa = PBXGroup;
			children = (
				04632FBD24ADFDE9009C9AA8 /* Extensions */,
				0444B5A924ACCDFC0093F974 /* AppDelegate */,
				0444B5AB24ACCF120093F974 /* Features */,
				042331B024AFB32300E711E5 /* Core Data */,
				0444B5AD24ACD2B90093F974 /* Network */,
				0444B5AA24ACCE2C0093F974 /* Resourses */,
				0444B5AC24ACCF390093F974 /* Supporting Files */,
			);
			path = travelBlogs;
			sourceTree = "<group>";
		};
		0444B59D24ACC87E0093F974 /* travelBlogsTests */ = {
			isa = PBXGroup;
			children = (
				044AEB7424ADB41500F9FC0F /* articles.json */,
				04C8BB3424B08BE80088A157 /* usersList.json */,
				044AEB7224ADAF7000F9FC0F /* ArticleDataModelTests.swift */,
				0444B5B324ACD6480093F974 /* APIEndpointTests.swift */,
				044AEB6E24ACF0C000F9FC0F /* ArticlesServiceTests.swift */,
				0423318724AE3D6800E711E5 /* ArticleViewModelTests.swift */,
				04C8BB3224B082310088A157 /* UsersServiceTests.swift */,
				0444B5A024ACC87E0093F974 /* Info.plist */,
			);
			path = travelBlogsTests;
			sourceTree = "<group>";
		};
		0444B5A924ACCDFC0093F974 /* AppDelegate */ = {
			isa = PBXGroup;
			children = (
				0444B58724ACC87C0093F974 /* AppDelegate.swift */,
			);
			path = AppDelegate;
			sourceTree = "<group>";
		};
		0444B5AA24ACCE2C0093F974 /* Resourses */ = {
			isa = PBXGroup;
			children = (
				0444B59024ACC87E0093F974 /* Assets.xcassets */,
			);
			path = Resourses;
			sourceTree = "<group>";
		};
		0444B5AB24ACCF120093F974 /* Features */ = {
			isa = PBXGroup;
			children = (
				0444B5BB24ACEDAD0093F974 /* Articles */,
				0423318924AFAEAC00E711E5 /* Users */,
				0444B58D24ACC87C0093F974 /* Main.storyboard */,
			);
			path = Features;
			sourceTree = "<group>";
		};
		0444B5AC24ACCF390093F974 /* Supporting Files */ = {
			isa = PBXGroup;
			children = (
				0444B59224ACC87E0093F974 /* LaunchScreen.storyboard */,
				0444B59524ACC87E0093F974 /* Info.plist */,
			);
			path = "Supporting Files";
			sourceTree = "<group>";
		};
		0444B5AD24ACD2B90093F974 /* Network */ = {
			isa = PBXGroup;
			children = (
				0444B5AF24ACD2E70093F974 /* Endpoint.swift */,
				0444B5B124ACD4090093F974 /* APIEndpoint.swift */,
				0444B5B524ACE5120093F974 /* NetworkRequest.swift */,
				044AEB7024ACF15F00F9FC0F /* NetworkError.swift */,
				04632FC024AE0593009C9AA8 /* ImageFetcher.swift */,
			);
			path = Network;
			sourceTree = "<group>";
		};
		0444B5BB24ACEDAD0093F974 /* Articles */ = {
			isa = PBXGroup;
			children = (
				0423318624AE3D3300E711E5 /* Service */,
				0423318524AE3D1F00E711E5 /* View */,
				04632FBA24ADF4B0009C9AA8 /* View Model */,
				0444B5BC24ACEDB50093F974 /* Data Model */,
			);
			path = Articles;
			sourceTree = "<group>";
		};
		0444B5BC24ACEDB50093F974 /* Data Model */ = {
			isa = PBXGroup;
			children = (
				0444B5B924ACEDA90093F974 /* ArticleDataModel.swift */,
			);
			path = "Data Model";
			sourceTree = "<group>";
		};
		04632FBA24ADF4B0009C9AA8 /* View Model */ = {
			isa = PBXGroup;
			children = (
				04632FBB24ADF4CC009C9AA8 /* ArticleViewModel.swift */,
			);
			path = "View Model";
			sourceTree = "<group>";
		};
		04632FBD24ADFDE9009C9AA8 /* Extensions */ = {
			isa = PBXGroup;
			children = (
				04632FBE24ADFE01009C9AA8 /* Date+Extensions.swift */,
			);
			path = Extensions;
			sourceTree = "<group>";
		};
		04C8BB2E24B081A00088A157 /* Service */ = {
			isa = PBXGroup;
			children = (
				04C8BB2C24B081770088A157 /* UsersService.swift */,
			);
			path = Service;
			sourceTree = "<group>";
		};
		04C8BB2F24B081AC0088A157 /* Data Model */ = {
			isa = PBXGroup;
			children = (
				04C8BB3024B081B70088A157 /* UserDataModel.swift */,
			);
			path = "Data Model";
			sourceTree = "<group>";
		};
		04C8BB3824B09B0E0088A157 /* View Model */ = {
			isa = PBXGroup;
			children = (
				04C8BB3924B09B390088A157 /* UserViewModel.swift */,
			);
			path = "View Model";
			sourceTree = "<group>";
		};
		6CA7C2A3C92BEE7E50A606E5 /* Frameworks */ = {
			isa = PBXGroup;
			children = (
				E92ECA83B04F51835B9867E4 /* Pods_travelBlogs.framework */,
				B608984229CA136C37F17069 /* Pods_travelBlogsTests.framework */,
			);
			name = Frameworks;
			sourceTree = "<group>";
		};
		832C51C143D426EA1117758A /* Pods */ = {
			isa = PBXGroup;
			children = (
				269118588EAD5764D48E5AB8 /* Pods-travelBlogs.debug.xcconfig */,
				F52C97C003A21EE6846CCDC8 /* Pods-travelBlogs.release.xcconfig */,
				00F665A649E7BADF444F5F29 /* Pods-travelBlogsTests.debug.xcconfig */,
				5FDDF26E1BF3716827302467 /* Pods-travelBlogsTests.release.xcconfig */,
			);
			path = Pods;
			sourceTree = "<group>";
		};
/* End PBXGroup section */

/* Begin PBXNativeTarget section */
		0444B58324ACC87C0093F974 /* travelBlogs */ = {
			isa = PBXNativeTarget;
			buildConfigurationList = 0444B5A324ACC87E0093F974 /* Build configuration list for PBXNativeTarget "travelBlogs" */;
			buildPhases = (
				1DAD608813D981266DB16583 /* [CP] Check Pods Manifest.lock */,
				0444B58024ACC87C0093F974 /* Sources */,
				0444B58124ACC87C0093F974 /* Frameworks */,
				0444B58224ACC87C0093F974 /* Resources */,
				9EDDEFCCDC39489618B0B64E /* [CP] Embed Pods Frameworks */,
			);
			buildRules = (
			);
			dependencies = (
			);
			name = travelBlogs;
			productName = travelBlogs;
			productReference = 0444B58424ACC87C0093F974 /* travelBlogs.app */;
			productType = "com.apple.product-type.application";
		};
		0444B59924ACC87E0093F974 /* travelBlogsTests */ = {
			isa = PBXNativeTarget;
			buildConfigurationList = 0444B5A624ACC87E0093F974 /* Build configuration list for PBXNativeTarget "travelBlogsTests" */;
			buildPhases = (
				B102737FBFFBE742E050721D /* [CP] Check Pods Manifest.lock */,
				0444B59624ACC87E0093F974 /* Sources */,
				0444B59724ACC87E0093F974 /* Frameworks */,
				0444B59824ACC87E0093F974 /* Resources */,
			);
			buildRules = (
			);
			dependencies = (
				0444B59C24ACC87E0093F974 /* PBXTargetDependency */,
			);
			name = travelBlogsTests;
			productName = travelBlogsTests;
			productReference = 0444B59A24ACC87E0093F974 /* travelBlogsTests.xctest */;
			productType = "com.apple.product-type.bundle.unit-test";
		};
/* End PBXNativeTarget section */

/* Begin PBXProject section */
		0444B57C24ACC87C0093F974 /* Project object */ = {
			isa = PBXProject;
			attributes = {
				LastSwiftUpdateCheck = 1130;
				LastUpgradeCheck = 1130;
				ORGANIZATIONNAME = "Ganesh Somani";
				TargetAttributes = {
					0444B58324ACC87C0093F974 = {
						CreatedOnToolsVersion = 11.3;
					};
					0444B59924ACC87E0093F974 = {
						CreatedOnToolsVersion = 11.3;
						TestTargetID = 0444B58324ACC87C0093F974;
					};
				};
			};
			buildConfigurationList = 0444B57F24ACC87C0093F974 /* Build configuration list for PBXProject "travelBlogs" */;
			compatibilityVersion = "Xcode 9.3";
			developmentRegion = en;
			hasScannedForEncodings = 0;
			knownRegions = (
				en,
				Base,
			);
			mainGroup = 0444B57B24ACC87C0093F974;
			productRefGroup = 0444B58524ACC87C0093F974 /* Products */;
			projectDirPath = "";
			projectRoot = "";
			targets = (
				0444B58324ACC87C0093F974 /* travelBlogs */,
				0444B59924ACC87E0093F974 /* travelBlogsTests */,
			);
		};
/* End PBXProject section */

/* Begin PBXResourcesBuildPhase section */
		0444B58224ACC87C0093F974 /* Resources */ = {
			isa = PBXResourcesBuildPhase;
			buildActionMask = 2147483647;
			files = (
				0444B59424ACC87E0093F974 /* LaunchScreen.storyboard in Resources */,
				0444B59124ACC87E0093F974 /* Assets.xcassets in Resources */,
				0444B58F24ACC87C0093F974 /* Main.storyboard in Resources */,
			);
			runOnlyForDeploymentPostprocessing = 0;
		};
		0444B59824ACC87E0093F974 /* Resources */ = {
			isa = PBXResourcesBuildPhase;
			buildActionMask = 2147483647;
			files = (
				04C8BB3524B08BE80088A157 /* usersList.json in Resources */,
				044AEB7524ADB41500F9FC0F /* articles.json in Resources */,
			);
			runOnlyForDeploymentPostprocessing = 0;
		};
/* End PBXResourcesBuildPhase section */

/* Begin PBXShellScriptBuildPhase section */
		1DAD608813D981266DB16583 /* [CP] Check Pods Manifest.lock */ = {
			isa = PBXShellScriptBuildPhase;
			buildActionMask = 2147483647;
			files = (
			);
			inputFileListPaths = (
			);
			inputPaths = (
				"${PODS_PODFILE_DIR_PATH}/Podfile.lock",
				"${PODS_ROOT}/Manifest.lock",
			);
			name = "[CP] Check Pods Manifest.lock";
			outputFileListPaths = (
			);
			outputPaths = (
				"$(DERIVED_FILE_DIR)/Pods-travelBlogs-checkManifestLockResult.txt",
			);
			runOnlyForDeploymentPostprocessing = 0;
			shellPath = /bin/sh;
			shellScript = "diff \"${PODS_PODFILE_DIR_PATH}/Podfile.lock\" \"${PODS_ROOT}/Manifest.lock\" > /dev/null\nif [ $? != 0 ] ; then\n    # print error to STDERR\n    echo \"error: The sandbox is not in sync with the Podfile.lock. Run 'pod install' or update your CocoaPods installation.\" >&2\n    exit 1\nfi\n# This output is used by Xcode 'outputs' to avoid re-running this script phase.\necho \"SUCCESS\" > \"${SCRIPT_OUTPUT_FILE_0}\"\n";
			showEnvVarsInLog = 0;
		};
		9EDDEFCCDC39489618B0B64E /* [CP] Embed Pods Frameworks */ = {
			isa = PBXShellScriptBuildPhase;
			buildActionMask = 2147483647;
			files = (
			);
			inputFileListPaths = (
				"${PODS_ROOT}/Target Support Files/Pods-travelBlogs/Pods-travelBlogs-frameworks-${CONFIGURATION}-input-files.xcfilelist",
			);
			name = "[CP] Embed Pods Frameworks";
			outputFileListPaths = (
				"${PODS_ROOT}/Target Support Files/Pods-travelBlogs/Pods-travelBlogs-frameworks-${CONFIGURATION}-output-files.xcfilelist",
			);
			runOnlyForDeploymentPostprocessing = 0;
			shellPath = /bin/sh;
			shellScript = "\"${PODS_ROOT}/Target Support Files/Pods-travelBlogs/Pods-travelBlogs-frameworks.sh\"\n";
			showEnvVarsInLog = 0;
		};
		B102737FBFFBE742E050721D /* [CP] Check Pods Manifest.lock */ = {
			isa = PBXShellScriptBuildPhase;
			buildActionMask = 2147483647;
			files = (
			);
			inputFileListPaths = (
			);
			inputPaths = (
				"${PODS_PODFILE_DIR_PATH}/Podfile.lock",
				"${PODS_ROOT}/Manifest.lock",
			);
			name = "[CP] Check Pods Manifest.lock";
			outputFileListPaths = (
			);
			outputPaths = (
				"$(DERIVED_FILE_DIR)/Pods-travelBlogsTests-checkManifestLockResult.txt",
			);
			runOnlyForDeploymentPostprocessing = 0;
			shellPath = /bin/sh;
			shellScript = "diff \"${PODS_PODFILE_DIR_PATH}/Podfile.lock\" \"${PODS_ROOT}/Manifest.lock\" > /dev/null\nif [ $? != 0 ] ; then\n    # print error to STDERR\n    echo \"error: The sandbox is not in sync with the Podfile.lock. Run 'pod install' or update your CocoaPods installation.\" >&2\n    exit 1\nfi\n# This output is used by Xcode 'outputs' to avoid re-running this script phase.\necho \"SUCCESS\" > \"${SCRIPT_OUTPUT_FILE_0}\"\n";
			showEnvVarsInLog = 0;
		};
/* End PBXShellScriptBuildPhase section */

/* Begin PBXSourcesBuildPhase section */
		0444B58024ACC87C0093F974 /* Sources */ = {
			isa = PBXSourcesBuildPhase;
			buildActionMask = 2147483647;
			files = (
				04C8BB3124B081B70088A157 /* UserDataModel.swift in Sources */,
				0444B5B824ACE9FB0093F974 /* ArticlesService.swift in Sources */,
				0423320B24B0401500E711E5 /* DBUser+CoreDataProperties.swift in Sources */,
				04632FBF24ADFE01009C9AA8 /* Date+Extensions.swift in Sources */,
				04C8BB3724B098470088A157 /* UsersTableViewCell.swift in Sources */,
				0423318C24AFAECF00E711E5 /* UsersViewController.swift in Sources */,
				04632FB924ADF13C009C9AA8 /* ArticleTableViewCell.swift in Sources */,
				044AEB7124ACF15F00F9FC0F /* NetworkError.swift in Sources */,
				04632FBC24ADF4CC009C9AA8 /* ArticleViewModel.swift in Sources */,
				04C8BB3A24B09B390088A157 /* UserViewModel.swift in Sources */,
				0423320A24B0401500E711E5 /* DBUser+CoreDataClass.swift in Sources */,
				042331B724AFC24900E711E5 /* ArticleDbManager.swift in Sources */,
				0444B58C24ACC87C0093F974 /* ArticleViewController.swift in Sources */,
				0423320D24B0401500E711E5 /* DBArticle+CoreDataClass.swift in Sources */,
				0444B5B024ACD2E70093F974 /* Endpoint.swift in Sources */,
				0423320924B0401500E711E5 /* DBMedia+CoreDataProperties.swift in Sources */,
				0444B58824ACC87C0093F974 /* AppDelegate.swift in Sources */,
				0444B5BA24ACEDA90093F974 /* ArticleDataModel.swift in Sources */,
				0423320C24B0401500E711E5 /* DBArticle+CoreDataProperties.swift in Sources */,
				0423320E24B0401500E711E5 /* DBMedia+CoreDataClass.swift in Sources */,
				042331DC24B03AE700E711E5 /* travelBlogs.xcdatamodeld in Sources */,
				04632FC124AE0593009C9AA8 /* ImageFetcher.swift in Sources */,
				0444B5B224ACD4090093F974 /* APIEndpoint.swift in Sources */,
				042331B524AFC16000E711E5 /* StoreManager.swift in Sources */,
				04C8BB2D24B081770088A157 /* UsersService.swift in Sources */,
				0444B5B624ACE5120093F974 /* NetworkRequest.swift in Sources */,
			);
			runOnlyForDeploymentPostprocessing = 0;
		};
		0444B59624ACC87E0093F974 /* Sources */ = {
			isa = PBXSourcesBuildPhase;
			buildActionMask = 2147483647;
			files = (
				044AEB7324ADAF7000F9FC0F /* ArticleDataModelTests.swift in Sources */,
				0423318824AE3D6800E711E5 /* ArticleViewModelTests.swift in Sources */,
				044AEB6F24ACF0C000F9FC0F /* ArticlesServiceTests.swift in Sources */,
				0444B5B424ACD6480093F974 /* APIEndpointTests.swift in Sources */,
				04C8BB3324B082310088A157 /* UsersServiceTests.swift in Sources */,
			);
			runOnlyForDeploymentPostprocessing = 0;
		};
/* End PBXSourcesBuildPhase section */

/* Begin PBXTargetDependency section */
		0444B59C24ACC87E0093F974 /* PBXTargetDependency */ = {
			isa = PBXTargetDependency;
			target = 0444B58324ACC87C0093F974 /* travelBlogs */;
			targetProxy = 0444B59B24ACC87E0093F974 /* PBXContainerItemProxy */;
		};
/* End PBXTargetDependency section */

/* Begin PBXVariantGroup section */
		0444B58D24ACC87C0093F974 /* Main.storyboard */ = {
			isa = PBXVariantGroup;
			children = (
				0444B58E24ACC87C0093F974 /* Base */,
			);
			name = Main.storyboard;
			sourceTree = "<group>";
		};
		0444B59224ACC87E0093F974 /* LaunchScreen.storyboard */ = {
			isa = PBXVariantGroup;
			children = (
				0444B59324ACC87E0093F974 /* Base */,
			);
			name = LaunchScreen.storyboard;
			sourceTree = "<group>";
		};
/* End PBXVariantGroup section */

/* Begin XCBuildConfiguration section */
		0444B5A124ACC87E0093F974 /* Debug */ = {
			isa = XCBuildConfiguration;
			buildSettings = {
				ALWAYS_SEARCH_USER_PATHS = NO;
				CLANG_ANALYZER_NONNULL = YES;
				CLANG_ANALYZER_NUMBER_OBJECT_CONVERSION = YES_AGGRESSIVE;
				CLANG_CXX_LANGUAGE_STANDARD = "gnu++14";
				CLANG_CXX_LIBRARY = "libc++";
				CLANG_ENABLE_MODULES = YES;
				CLANG_ENABLE_OBJC_ARC = YES;
				CLANG_ENABLE_OBJC_WEAK = YES;
				CLANG_WARN_BLOCK_CAPTURE_AUTORELEASING = YES;
				CLANG_WARN_BOOL_CONVERSION = YES;
				CLANG_WARN_COMMA = YES;
				CLANG_WARN_CONSTANT_CONVERSION = YES;
				CLANG_WARN_DEPRECATED_OBJC_IMPLEMENTATIONS = YES;
				CLANG_WARN_DIRECT_OBJC_ISA_USAGE = YES_ERROR;
				CLANG_WARN_DOCUMENTATION_COMMENTS = YES;
				CLANG_WARN_EMPTY_BODY = YES;
				CLANG_WARN_ENUM_CONVERSION = YES;
				CLANG_WARN_INFINITE_RECURSION = YES;
				CLANG_WARN_INT_CONVERSION = YES;
				CLANG_WARN_NON_LITERAL_NULL_CONVERSION = YES;
				CLANG_WARN_OBJC_IMPLICIT_RETAIN_SELF = YES;
				CLANG_WARN_OBJC_LITERAL_CONVERSION = YES;
				CLANG_WARN_OBJC_ROOT_CLASS = YES_ERROR;
				CLANG_WARN_RANGE_LOOP_ANALYSIS = YES;
				CLANG_WARN_STRICT_PROTOTYPES = YES;
				CLANG_WARN_SUSPICIOUS_MOVE = YES;
				CLANG_WARN_UNGUARDED_AVAILABILITY = YES_AGGRESSIVE;
				CLANG_WARN_UNREACHABLE_CODE = YES;
				CLANG_WARN__DUPLICATE_METHOD_MATCH = YES;
				COPY_PHASE_STRIP = NO;
				DEBUG_INFORMATION_FORMAT = dwarf;
				ENABLE_STRICT_OBJC_MSGSEND = YES;
				ENABLE_TESTABILITY = YES;
				GCC_C_LANGUAGE_STANDARD = gnu11;
				GCC_DYNAMIC_NO_PIC = NO;
				GCC_NO_COMMON_BLOCKS = YES;
				GCC_OPTIMIZATION_LEVEL = 0;
				GCC_PREPROCESSOR_DEFINITIONS = (
					"DEBUG=1",
					"$(inherited)",
				);
				GCC_WARN_64_TO_32_BIT_CONVERSION = YES;
				GCC_WARN_ABOUT_RETURN_TYPE = YES_ERROR;
				GCC_WARN_UNDECLARED_SELECTOR = YES;
				GCC_WARN_UNINITIALIZED_AUTOS = YES_AGGRESSIVE;
				GCC_WARN_UNUSED_FUNCTION = YES;
				GCC_WARN_UNUSED_VARIABLE = YES;
				IPHONEOS_DEPLOYMENT_TARGET = 13.2;
				MTL_ENABLE_DEBUG_INFO = INCLUDE_SOURCE;
				MTL_FAST_MATH = YES;
				ONLY_ACTIVE_ARCH = YES;
				SDKROOT = iphoneos;
				SWIFT_ACTIVE_COMPILATION_CONDITIONS = DEBUG;
				SWIFT_OPTIMIZATION_LEVEL = "-Onone";
			};
			name = Debug;
		};
		0444B5A224ACC87E0093F974 /* Release */ = {
			isa = XCBuildConfiguration;
			buildSettings = {
				ALWAYS_SEARCH_USER_PATHS = NO;
				CLANG_ANALYZER_NONNULL = YES;
				CLANG_ANALYZER_NUMBER_OBJECT_CONVERSION = YES_AGGRESSIVE;
				CLANG_CXX_LANGUAGE_STANDARD = "gnu++14";
				CLANG_CXX_LIBRARY = "libc++";
				CLANG_ENABLE_MODULES = YES;
				CLANG_ENABLE_OBJC_ARC = YES;
				CLANG_ENABLE_OBJC_WEAK = YES;
				CLANG_WARN_BLOCK_CAPTURE_AUTORELEASING = YES;
				CLANG_WARN_BOOL_CONVERSION = YES;
				CLANG_WARN_COMMA = YES;
				CLANG_WARN_CONSTANT_CONVERSION = YES;
				CLANG_WARN_DEPRECATED_OBJC_IMPLEMENTATIONS = YES;
				CLANG_WARN_DIRECT_OBJC_ISA_USAGE = YES_ERROR;
				CLANG_WARN_DOCUMENTATION_COMMENTS = YES;
				CLANG_WARN_EMPTY_BODY = YES;
				CLANG_WARN_ENUM_CONVERSION = YES;
				CLANG_WARN_INFINITE_RECURSION = YES;
				CLANG_WARN_INT_CONVERSION = YES;
				CLANG_WARN_NON_LITERAL_NULL_CONVERSION = YES;
				CLANG_WARN_OBJC_IMPLICIT_RETAIN_SELF = YES;
				CLANG_WARN_OBJC_LITERAL_CONVERSION = YES;
				CLANG_WARN_OBJC_ROOT_CLASS = YES_ERROR;
				CLANG_WARN_RANGE_LOOP_ANALYSIS = YES;
				CLANG_WARN_STRICT_PROTOTYPES = YES;
				CLANG_WARN_SUSPICIOUS_MOVE = YES;
				CLANG_WARN_UNGUARDED_AVAILABILITY = YES_AGGRESSIVE;
				CLANG_WARN_UNREACHABLE_CODE = YES;
				CLANG_WARN__DUPLICATE_METHOD_MATCH = YES;
				COPY_PHASE_STRIP = NO;
				DEBUG_INFORMATION_FORMAT = "dwarf-with-dsym";
				ENABLE_NS_ASSERTIONS = NO;
				ENABLE_STRICT_OBJC_MSGSEND = YES;
				GCC_C_LANGUAGE_STANDARD = gnu11;
				GCC_NO_COMMON_BLOCKS = YES;
				GCC_WARN_64_TO_32_BIT_CONVERSION = YES;
				GCC_WARN_ABOUT_RETURN_TYPE = YES_ERROR;
				GCC_WARN_UNDECLARED_SELECTOR = YES;
				GCC_WARN_UNINITIALIZED_AUTOS = YES_AGGRESSIVE;
				GCC_WARN_UNUSED_FUNCTION = YES;
				GCC_WARN_UNUSED_VARIABLE = YES;
				IPHONEOS_DEPLOYMENT_TARGET = 13.2;
				MTL_ENABLE_DEBUG_INFO = NO;
				MTL_FAST_MATH = YES;
				SDKROOT = iphoneos;
				SWIFT_COMPILATION_MODE = wholemodule;
				SWIFT_OPTIMIZATION_LEVEL = "-O";
				VALIDATE_PRODUCT = YES;
			};
			name = Release;
		};
		0444B5A424ACC87E0093F974 /* Debug */ = {
			isa = XCBuildConfiguration;
			baseConfigurationReference = 269118588EAD5764D48E5AB8 /* Pods-travelBlogs.debug.xcconfig */;
			buildSettings = {
				ASSETCATALOG_COMPILER_APPICON_NAME = AppIcon;
				CODE_SIGN_STYLE = Automatic;
				INFOPLIST_FILE = "$(SRCROOT)/travelBlogs/Supporting Files/Info.plist";
				IPHONEOS_DEPLOYMENT_TARGET = 11.0;
				LD_RUNPATH_SEARCH_PATHS = (
					"$(inherited)",
					"@executable_path/Frameworks",
				);
				PRODUCT_BUNDLE_IDENTIFIER = com.travelBlogs;
				PRODUCT_NAME = "$(TARGET_NAME)";
				SWIFT_VERSION = 5.0;
				TARGETED_DEVICE_FAMILY = "1,2";
			};
			name = Debug;
		};
		0444B5A524ACC87E0093F974 /* Release */ = {
			isa = XCBuildConfiguration;
			baseConfigurationReference = F52C97C003A21EE6846CCDC8 /* Pods-travelBlogs.release.xcconfig */;
			buildSettings = {
				ASSETCATALOG_COMPILER_APPICON_NAME = AppIcon;
				CODE_SIGN_STYLE = Automatic;
				INFOPLIST_FILE = "$(SRCROOT)/travelBlogs/Supporting Files/Info.plist";
				IPHONEOS_DEPLOYMENT_TARGET = 11.0;
				LD_RUNPATH_SEARCH_PATHS = (
					"$(inherited)",
					"@executable_path/Frameworks",
				);
				PRODUCT_BUNDLE_IDENTIFIER = com.travelBlogs;
				PRODUCT_NAME = "$(TARGET_NAME)";
				SWIFT_VERSION = 5.0;
				TARGETED_DEVICE_FAMILY = "1,2";
			};
			name = Release;
		};
		0444B5A724ACC87E0093F974 /* Debug */ = {
			isa = XCBuildConfiguration;
			baseConfigurationReference = 00F665A649E7BADF444F5F29 /* Pods-travelBlogsTests.debug.xcconfig */;
			buildSettings = {
				ALWAYS_EMBED_SWIFT_STANDARD_LIBRARIES = YES;
				BUNDLE_LOADER = "$(TEST_HOST)";
				CODE_SIGN_STYLE = Automatic;
				INFOPLIST_FILE = travelBlogsTests/Info.plist;
				IPHONEOS_DEPLOYMENT_TARGET = 13.2;
				LD_RUNPATH_SEARCH_PATHS = (
					"$(inherited)",
					"@executable_path/Frameworks",
					"@loader_path/Frameworks",
				);
				PRODUCT_BUNDLE_IDENTIFIER = com..travelBlogsTests;
				PRODUCT_NAME = "$(TARGET_NAME)";
				SWIFT_VERSION = 5.0;
				TARGETED_DEVICE_FAMILY = "1,2";
				TEST_HOST = "$(BUILT_PRODUCTS_DIR)/travelBlogs.app/travelBlogs";
			};
			name = Debug;
		};
		0444B5A824ACC87E0093F974 /* Release */ = {
			isa = XCBuildConfiguration;
			baseConfigurationReference = 5FDDF26E1BF3716827302467 /* Pods-travelBlogsTests.release.xcconfig */;
			buildSettings = {
				ALWAYS_EMBED_SWIFT_STANDARD_LIBRARIES = YES;
				BUNDLE_LOADER = "$(TEST_HOST)";
				CODE_SIGN_STYLE = Automatic;
				INFOPLIST_FILE = travelBlogsTests/Info.plist;
				IPHONEOS_DEPLOYMENT_TARGET = 13.2;
				LD_RUNPATH_SEARCH_PATHS = (
					"$(inherited)",
					"@executable_path/Frameworks",
					"@loader_path/Frameworks",
				);
				PRODUCT_BUNDLE_IDENTIFIER = com..travelBlogsTests;
				PRODUCT_NAME = "$(TARGET_NAME)";
				SWIFT_VERSION = 5.0;
				TARGETED_DEVICE_FAMILY = "1,2";
				TEST_HOST = "$(BUILT_PRODUCTS_DIR)/travelBlogs.app/travelBlogs";
			};
			name = Release;
		};
/* End XCBuildConfiguration section */

/* Begin XCConfigurationList section */
		0444B57F24ACC87C0093F974 /* Build configuration list for PBXProject "travelBlogs" */ = {
			isa = XCConfigurationList;
			buildConfigurations = (
				0444B5A124ACC87E0093F974 /* Debug */,
				0444B5A224ACC87E0093F974 /* Release */,
			);
			defaultConfigurationIsVisible = 0;
			defaultConfigurationName = Release;
		};
		0444B5A324ACC87E0093F974 /* Build configuration list for PBXNativeTarget "travelBlogs" */ = {
			isa = XCConfigurationList;
			buildConfigurations = (
				0444B5A424ACC87E0093F974 /* Debug */,
				0444B5A524ACC87E0093F974 /* Release */,
			);
			defaultConfigurationIsVisible = 0;
			defaultConfigurationName = Release;
		};
		0444B5A624ACC87E0093F974 /* Build configuration list for PBXNativeTarget "travelBlogsTests" */ = {
			isa = XCConfigurationList;
			buildConfigurations = (
				0444B5A724ACC87E0093F974 /* Debug */,
				0444B5A824ACC87E0093F974 /* Release */,
			);
			defaultConfigurationIsVisible = 0;
			defaultConfigurationName = Release;
		};
/* End XCConfigurationList section */

/* Begin XCVersionGroup section */
		042331DA24B03AE700E711E5 /* travelBlogs.xcdatamodeld */ = {
			isa = XCVersionGroup;
			children = (
				042331DB24B03AE700E711E5 /* Model.xcdatamodel */,
			);
			currentVersion = 042331DB24B03AE700E711E5 /* Model.xcdatamodel */;
			path = travelBlogs.xcdatamodeld;
			sourceTree = "<group>";
			versionGroupType = wrapper.xcdatamodel;
		};
/* End XCVersionGroup section */
	};
	rootObject = 0444B57C24ACC87C0093F974 /* Project object */;
}
